{
  "name": "@ceramicnetwork/docid",
  "version": "0.4.2",
  "lockfileVersion": 1,
  "requires": true,
  "dependencies": {
    "@multiformats/base-x": {
      "version": "4.0.1",
      "resolved": "https://registry.npmjs.org/@multiformats/base-x/-/base-x-4.0.1.tgz",
      "integrity": "sha512-eMk0b9ReBbV23xXU693TAIrLyeO5iTgBZGSJfpqriG8UkYvr/hC9u9pyMlAakDNHWmbhMZCDs6KQO0jzKD8OTw=="
    },
    "cids": {
      "version": "1.1.4",
      "resolved": "https://registry.npmjs.org/cids/-/cids-1.1.4.tgz",
      "integrity": "sha512-mo0IWZKcaQZsret8cP39MzDnPVT9NhhQEVaIKwWnBFaLtj2slTFckYMnbk15ptewNkb22qRBLfuBK+qiWYW/Mg==",
      "requires": {
        "multibase": "^3.0.1",
        "multicodec": "^2.1.0",
        "multihashes": "^3.0.1",
        "uint8arrays": "^1.1.0"
      },
      "dependencies": {
        "multicodec": {
          "version": "2.1.0",
          "resolved": "https://registry.npmjs.org/multicodec/-/multicodec-2.1.0.tgz",
          "integrity": "sha512-7AYpK/avswOWvnqQ9/jOkQCS7Fp4aKxw5ojvn5gyK2VQTZz3YVXeLMzoIZDBy745JSfJMXkTS0ptnHci5Mt1mA==",
          "requires": {
            "uint8arrays": "1.1.0",
            "varint": "^6.0.0"
          }
        }
      }
    },
    "multibase": {
      "version": "3.0.1",
      "resolved": "https://registry.npmjs.org/multibase/-/multibase-3.0.1.tgz",
      "integrity": "sha512-MRU5WpnSg81/vYO977MweoeUAxBdXl7+F5Af2Es+X6Vcgfk/g/EjIqXTgm3kb+xO3m1Kzr+aIV14oRX7nv5Z9w==",
      "requires": {
        "@multiformats/base-x": "^4.0.1",
        "web-encoding": "^1.0.2"
      }
    },
    "multicodec": {
      "version": "2.0.4",
      "resolved": "https://registry.npmjs.org/multicodec/-/multicodec-2.0.4.tgz",
      "integrity": "sha512-baVjBRYT8cqwlkUIUL4xYLQ0M9Cm1R6Nhn8WykEOhyG7bS81HXKr++o+8Nua/GRkVWfB/MTtDIvIdLwsZ2PuJg==",
      "requires": {
        "uint8arrays": "1.1.0",
        "varint": "^6.0.0"
      }
    },
    "multihashes": {
      "version": "3.1.0",
      "resolved": "https://registry.npmjs.org/multihashes/-/multihashes-3.1.0.tgz",
      "integrity": "sha512-snU+w6aZy5bTrrqIHW3wkT0MfHmxcpOsaVNJt0NzUnseksbjFDVUZjSmhDMAVOVnIdLMS7xHjo55pKlBIGmC3g==",
      "requires": {
        "multibase": "^3.1.0",
        "uint8arrays": "^1.0.0",
        "varint": "^6.0.0"
      },
      "dependencies": {
        "multibase": {
          "version": "3.1.0",
          "resolved": "https://registry.npmjs.org/multibase/-/multibase-3.1.0.tgz",
          "integrity": "sha512-Z+pThrpbS7ckQ2DwW5mPiwCGe1a94f8DWi/OxmbyeRednVOyUKmLSE+60kL/WHFYwWnaD1OakXGk3PYI1NkMFw==",
          "requires": {
            "@multiformats/base-x": "^4.0.1",
            "web-encoding": "^1.0.4"
          }
        }
      }
    },
    "uint8arrays": {
      "version": "1.1.0",
      "resolved": "https://registry.npmjs.org/uint8arrays/-/uint8arrays-1.1.0.tgz",
      "integrity": "sha512-cLdlZ6jnFczsKf5IH1gPHTtcHtPGho5r4CvctohmQjw8K7Q3gFdfIGHxSTdTaCKrL4w09SsPRJTqRS0drYeszA==",
      "requires": {
        "multibase": "^3.0.0",
        "web-encoding": "^1.0.2"
      }
    },
    "varint": {
      "version": "6.0.0",
      "resolved": "https://registry.npmjs.org/varint/-/varint-6.0.0.tgz",
      "integrity": "sha512-cXEIW6cfr15lFv563k4GuVuW/fiwjknytD37jIOLSdSWuOI6WnO/oKwmP2FQTU2l01LP8/M5TSAJpzUaGe3uWg=="
    },
    "web-encoding": {
      "version": "1.0.4",
      "resolved": "https://registry.npmjs.org/web-encoding/-/web-encoding-1.0.4.tgz",
      "integrity": "sha512-DcXs2lbVPzuJmn2kuDEwul2oZg7p4YMa5J2f0YzsOBHaAnBYGPNUB/rJ74DTjTKpw7F0+lSsVM8sFHE2UyBixg=="
    }
  }
}
