{
  "name": "@ceramicnetwork/docid",
  "version": "0.2.0-alpha.0",
  "lockfileVersion": 1,
  "requires": true,
  "dependencies": {
    "@multiformats/base-x": {
      "version": "4.0.1",
      "resolved": "https://registry.npmjs.org/@multiformats/base-x/-/base-x-4.0.1.tgz",
      "integrity": "sha512-eMk0b9ReBbV23xXU693TAIrLyeO5iTgBZGSJfpqriG8UkYvr/hC9u9pyMlAakDNHWmbhMZCDs6KQO0jzKD8OTw=="
    },
    "@types/multibase": {
      "version": "0.6.0",
      "resolved": "https://registry.npmjs.org/@types/multibase/-/multibase-0.6.0.tgz",
      "integrity": "sha512-PhQiA4pCcIG5yibX/G7K7mk/CXw0HTY98R+efcbbfce9WOyAGbIVqY3zv5kMm+vMAunY29aeOtQ96ePjeX417w==",
      "dev": true,
      "requires": {
        "@types/node": "*"
      }
    },
    "@types/node": {
      "version": "14.11.8",
      "resolved": "https://registry.npmjs.org/@types/node/-/node-14.11.8.tgz",
      "integrity": "sha512-KPcKqKm5UKDkaYPTuXSx8wEP7vE9GnuaXIZKijwRYcePpZFDVuy2a57LarFKiORbHOuTOOwYzxVxcUzsh2P2Pw==",
      "dev": true
    },
    "@types/varint": {
      "version": "5.0.0",
      "resolved": "https://registry.npmjs.org/@types/varint/-/varint-5.0.0.tgz",
      "integrity": "sha512-dIJiYqeDnYQ5Bc4mv+E5prqFIQlUTM1yDzwC5VQfL29pcYlm/5q1shY/MjbBT1FQAU5gzKE10DdGbu8B2EoFQg==",
      "dev": true,
      "requires": {
        "@types/node": "*"
      }
    },
    "cids": {
      "version": "1.0.1",
      "resolved": "https://registry.npmjs.org/cids/-/cids-1.0.1.tgz",
      "integrity": "sha512-A5DvnNMr7ABdP3IWFPEdbpued8Sw2cHu6n4+Hke9MpzEqhQH74Pm6Zk2TB59aNHIuue1Oh/jZi/t0wgISWgOow==",
      "requires": {
        "class-is": "^1.1.0",
        "multibase": "^3.0.1",
        "multicodec": "^2.0.1",
        "multihashes": "^3.0.1",
        "uint8arrays": "^1.1.0"
      }
    },
    "class-is": {
      "version": "1.1.0",
      "resolved": "https://registry.npmjs.org/class-is/-/class-is-1.1.0.tgz",
      "integrity": "sha512-rhjH9AG1fvabIDoGRVH587413LPjTZgmDF9fOFCbFJQV4yuocX1mHxxvXI4g3cGwbVY9wAYIoKlg1N79frJKQw=="
    },
    "multibase": {
      "version": "3.0.1",
      "resolved": "https://registry.npmjs.org/multibase/-/multibase-3.0.1.tgz",
      "integrity": "sha512-MRU5WpnSg81/vYO977MweoeUAxBdXl7+F5Af2Es+X6Vcgfk/g/EjIqXTgm3kb+xO3m1Kzr+aIV14oRX7nv5Z9w==",
      "requires": {
        "@multiformats/base-x": "^4.0.1",
        "web-encoding": "^1.0.2"
      }
    },
    "multicodec": {
      "version": "2.0.1",
      "resolved": "https://registry.npmjs.org/multicodec/-/multicodec-2.0.1.tgz",
      "integrity": "sha512-YDYeWn9iGa76hOHAyyZa0kbt3tr5FLg1ZXUHrZUJltjnxxdbTIbHnxWLd2zTcMOjdT3QyO+Xs4bQgJUcC2RWUA==",
      "requires": {
        "uint8arrays": "1.0.0",
        "varint": "^5.0.0"
      },
      "dependencies": {
        "uint8arrays": {
          "version": "1.0.0",
          "resolved": "https://registry.npmjs.org/uint8arrays/-/uint8arrays-1.0.0.tgz",
          "integrity": "sha512-14tqEVujDREW7YwonSZZwLvo7aFDfX7b6ubvM/U7XvZol+CC/LbhaX/550VlWmhddAL9Wou1sxp0Of3tGqXigg==",
          "requires": {
            "multibase": "^3.0.0",
            "web-encoding": "^1.0.2"
          }
        },
        "varint": {
          "version": "5.0.2",
          "resolved": "https://registry.npmjs.org/varint/-/varint-5.0.2.tgz",
          "integrity": "sha512-lKxKYG6H03yCZUpAGOPOsMcGxd1RHCu1iKvEHYDPmTyq2HueGhD73ssNBqqQWfvYs04G9iUFRvmAVLW20Jw6ow=="
        }
      }
    },
    "multihashes": {
      "version": "3.0.1",
      "resolved": "https://registry.npmjs.org/multihashes/-/multihashes-3.0.1.tgz",
      "integrity": "sha512-fFY67WOtb0359IjDZxaCU3gJILlkwkFbxbwrK9Bej5+NqNaYztzLOj8/NgMNMg/InxmhK+Uu8S/U4EcqsHzB7Q==",
      "requires": {
        "multibase": "^3.0.0",
        "uint8arrays": "^1.0.0",
        "varint": "^5.0.0"
      },
      "dependencies": {
        "varint": {
          "version": "5.0.2",
          "resolved": "https://registry.npmjs.org/varint/-/varint-5.0.2.tgz",
          "integrity": "sha512-lKxKYG6H03yCZUpAGOPOsMcGxd1RHCu1iKvEHYDPmTyq2HueGhD73ssNBqqQWfvYs04G9iUFRvmAVLW20Jw6ow=="
        }
      }
    },
    "uint8arrays": {
      "version": "1.1.0",
      "resolved": "https://registry.npmjs.org/uint8arrays/-/uint8arrays-1.1.0.tgz",
      "integrity": "sha512-cLdlZ6jnFczsKf5IH1gPHTtcHtPGho5r4CvctohmQjw8K7Q3gFdfIGHxSTdTaCKrL4w09SsPRJTqRS0drYeszA==",
      "requires": {
        "multibase": "^3.0.0",
        "web-encoding": "^1.0.2"
      }
    },
    "varint": {
      "version": "6.0.0",
      "resolved": "https://registry.npmjs.org/varint/-/varint-6.0.0.tgz",
      "integrity": "sha512-cXEIW6cfr15lFv563k4GuVuW/fiwjknytD37jIOLSdSWuOI6WnO/oKwmP2FQTU2l01LP8/M5TSAJpzUaGe3uWg=="
    },
    "web-encoding": {
      "version": "1.0.4",
      "resolved": "https://registry.npmjs.org/web-encoding/-/web-encoding-1.0.4.tgz",
      "integrity": "sha512-DcXs2lbVPzuJmn2kuDEwul2oZg7p4YMa5J2f0YzsOBHaAnBYGPNUB/rJ74DTjTKpw7F0+lSsVM8sFHE2UyBixg=="
    }
  }
}
