{
  "name": "@ceramicnetwork/docid",
  "version": "0.5.0-rc.2",
  "lockfileVersion": 1,
  "requires": true,
  "dependencies": {
    "@multiformats/base-x": {
      "version": "4.0.1",
      "resolved": "https://registry.npmjs.org/@multiformats/base-x/-/base-x-4.0.1.tgz",
      "integrity": "sha512-eMk0b9ReBbV23xXU693TAIrLyeO5iTgBZGSJfpqriG8UkYvr/hC9u9pyMlAakDNHWmbhMZCDs6KQO0jzKD8OTw=="
    },
    "@zxing/text-encoding": {
      "version": "0.9.0",
      "resolved": "https://registry.npmjs.org/@zxing/text-encoding/-/text-encoding-0.9.0.tgz",
      "integrity": "sha512-U/4aVJ2mxI0aDNI8Uq0wEhMgY+u4CNtEb0om3+y3+niDAsoTCOB33UF0sxpzqzdqXLqmvc+vZyAt4O8pPdfkwA==",
      "optional": true
    },
    "cids": {
      "version": "1.1.5",
      "resolved": "https://registry.npmjs.org/cids/-/cids-1.1.5.tgz",
      "integrity": "sha512-i0V7tF2Jf78BKXyy2rpy1H/ozaJEP8b3Z7ZcHe9J86RRvJZ4e7daaJP3xwL09e14/Bl/mYX5WVc36fbQtjH7Sg==",
      "requires": {
        "multibase": "^3.0.1",
        "multicodec": "^2.1.0",
        "multihashes": "^3.1.0",
        "uint8arrays": "^2.0.5"
      },
      "dependencies": {
        "multibase": {
          "version": "3.1.1",
          "resolved": "https://registry.npmjs.org/multibase/-/multibase-3.1.1.tgz",
          "integrity": "sha512-kkSd8jWGznDNEC2eDwtnvSGlZeTeEt0+oHieNWUhv8rIi8JU3voIUo02HpJBNOtgmtxT2CPwkElub7Y9kz3nrw==",
          "requires": {
            "@multiformats/base-x": "^4.0.1",
            "web-encoding": "^1.0.6"
          }
        },
        "multicodec": {
          "version": "2.1.0",
          "resolved": "https://registry.npmjs.org/multicodec/-/multicodec-2.1.0.tgz",
          "integrity": "sha512-7AYpK/avswOWvnqQ9/jOkQCS7Fp4aKxw5ojvn5gyK2VQTZz3YVXeLMzoIZDBy745JSfJMXkTS0ptnHci5Mt1mA==",
          "requires": {
            "uint8arrays": "1.1.0",
            "varint": "^6.0.0"
          },
          "dependencies": {
            "uint8arrays": {
              "version": "1.1.0",
              "resolved": "https://registry.npmjs.org/uint8arrays/-/uint8arrays-1.1.0.tgz",
              "integrity": "sha512-cLdlZ6jnFczsKf5IH1gPHTtcHtPGho5r4CvctohmQjw8K7Q3gFdfIGHxSTdTaCKrL4w09SsPRJTqRS0drYeszA==",
              "requires": {
                "multibase": "^3.0.0",
                "web-encoding": "^1.0.2"
              }
            }
          }
        },
        "uint8arrays": {
          "version": "2.1.2",
          "resolved": "https://registry.npmjs.org/uint8arrays/-/uint8arrays-2.1.2.tgz",
          "integrity": "sha512-/VcLZbPMs/dk23u22IZlPWycfBxntpwrvISHQs93/OdRlUTnQw9Uzmzaoq7DgJAZl1SlP/kw+NhbjFAEED42rQ==",
          "requires": {
            "multibase": "^3.0.0",
            "web-encoding": "^1.0.5"
          }
        }
      }
    },
    "multibase": {
      "version": "3.0.1",
      "resolved": "https://registry.npmjs.org/multibase/-/multibase-3.0.1.tgz",
      "integrity": "sha512-MRU5WpnSg81/vYO977MweoeUAxBdXl7+F5Af2Es+X6Vcgfk/g/EjIqXTgm3kb+xO3m1Kzr+aIV14oRX7nv5Z9w==",
      "requires": {
        "@multiformats/base-x": "^4.0.1",
        "web-encoding": "^1.0.2"
      }
    },
    "multicodec": {
      "version": "2.0.0",
      "resolved": "https://registry.npmjs.org/multicodec/-/multicodec-2.0.0.tgz",
      "integrity": "sha512-2SLsdTCXqOpUfoSHkTaVzxnjjl5fsSO283Idb9rAYgKGVu188NFP5KncuZ8Ifg8H2gc5GOi2rkuhLumqv9nweQ==",
      "requires": {
        "uint8arrays": "1.0.0",
        "varint": "^5.0.0"
      },
      "dependencies": {
        "uint8arrays": {
          "version": "1.0.0",
          "resolved": "https://registry.npmjs.org/uint8arrays/-/uint8arrays-1.0.0.tgz",
          "integrity": "sha512-14tqEVujDREW7YwonSZZwLvo7aFDfX7b6ubvM/U7XvZol+CC/LbhaX/550VlWmhddAL9Wou1sxp0Of3tGqXigg==",
          "requires": {
            "multibase": "^3.0.0",
            "web-encoding": "^1.0.2"
          }
        },
        "varint": {
          "version": "5.0.2",
          "resolved": "https://registry.npmjs.org/varint/-/varint-5.0.2.tgz",
          "integrity": "sha512-lKxKYG6H03yCZUpAGOPOsMcGxd1RHCu1iKvEHYDPmTyq2HueGhD73ssNBqqQWfvYs04G9iUFRvmAVLW20Jw6ow=="
        }
      }
    },
    "multihashes": {
      "version": "3.1.2",
      "resolved": "https://registry.npmjs.org/multihashes/-/multihashes-3.1.2.tgz",
      "integrity": "sha512-AP4IoV/YzkNrfbQKZE3OMPibrmy350OmCd6cJkwyM8oExaXIlOY4UnOOVSQtAEuq/LR01XfXKCESidzZvSwHCQ==",
      "requires": {
        "multibase": "^3.1.0",
        "uint8arrays": "^2.0.5",
        "varint": "^6.0.0"
      },
      "dependencies": {
        "multibase": {
          "version": "3.1.1",
          "resolved": "https://registry.npmjs.org/multibase/-/multibase-3.1.1.tgz",
          "integrity": "sha512-kkSd8jWGznDNEC2eDwtnvSGlZeTeEt0+oHieNWUhv8rIi8JU3voIUo02HpJBNOtgmtxT2CPwkElub7Y9kz3nrw==",
          "requires": {
            "@multiformats/base-x": "^4.0.1",
            "web-encoding": "^1.0.6"
          }
        },
        "uint8arrays": {
          "version": "2.1.2",
          "resolved": "https://registry.npmjs.org/uint8arrays/-/uint8arrays-2.1.2.tgz",
          "integrity": "sha512-/VcLZbPMs/dk23u22IZlPWycfBxntpwrvISHQs93/OdRlUTnQw9Uzmzaoq7DgJAZl1SlP/kw+NhbjFAEED42rQ==",
          "requires": {
            "multibase": "^3.0.0",
            "web-encoding": "^1.0.5"
          }
        }
      }
    },
    "typescript-memoize": {
      "version": "1.0.0",
      "resolved": "https://registry.npmjs.org/typescript-memoize/-/typescript-memoize-1.0.0.tgz",
      "integrity": "sha512-B1eufjs/mGzHqoGeI1VT/dnSBoZr2v3i3/Wm8NmdxlZflyVdleE8wO0QwUuj4NfundD7T5nU3I7HSKp/5BD9og=="
    },
    "uint8arrays": {
      "version": "2.1.2",
      "resolved": "https://registry.npmjs.org/uint8arrays/-/uint8arrays-2.1.2.tgz",
      "integrity": "sha512-/VcLZbPMs/dk23u22IZlPWycfBxntpwrvISHQs93/OdRlUTnQw9Uzmzaoq7DgJAZl1SlP/kw+NhbjFAEED42rQ==",
      "requires": {
        "multibase": "^3.0.0",
        "web-encoding": "^1.0.5"
      }
    },
    "varint": {
      "version": "6.0.0",
      "resolved": "https://registry.npmjs.org/varint/-/varint-6.0.0.tgz",
      "integrity": "sha512-cXEIW6cfr15lFv563k4GuVuW/fiwjknytD37jIOLSdSWuOI6WnO/oKwmP2FQTU2l01LP8/M5TSAJpzUaGe3uWg=="
    },
    "web-encoding": {
      "version": "1.1.0",
      "resolved": "https://registry.npmjs.org/web-encoding/-/web-encoding-1.1.0.tgz",
      "integrity": "sha512-KzYonGdJnZB3qvhK8hKca5qXk/wp+hgwGNTY1TnqtF2CzDzpN8szOC3ejhX9+wbhCq3vQs/TjM8BykS1kor0lQ==",
      "requires": {
        "@zxing/text-encoding": "0.9.0"
      }
    }
  }
}
